
Microsoft Visual Studio Solution File, Format Version 12.00
# Visual Studio Version 16
VisualStudioVersion = 16.0.31019.35
MinimumVisualStudioVersion = 10.0.40219.1
Project("{FAE04EC0-301F-11D3-BF4B-00C04F79EFBC}") = "koshoka_bot", "koshoka_bot.csproj", "{CEA679B8-3B7C-48B0-A5DC-91B1BC8E68AA}"
EndProject
Global
	GlobalSection(SolutionConfigurationPlatforms) = preSolution
		Debug|Any CPU = Debug|Any CPU
		Release|Any CPU = Release|Any CPU
	EndGlobalSection
	GlobalSection(ProjectConfigurationPlatforms) = postSolution
		{CEA679B8-3B7C-48B0-A5DC-91B1BC8E68AA}.Debug|Any CPU.ActiveCfg = Debug|Any CPU
		{CEA679B8-3B7C-48B0-A5DC-91B1BC8E68AA}.Debug|Any CPU.Build.0 = Debug|Any CPU
		{CEA679B8-3B7C-48B0-A5DC-91B1BC8E68AA}.Release|Any CPU.ActiveCfg = Release|Any CPU
		{CEA679B8-3B7C-48B0-A5DC-91B1BC8E68AA}.Release|Any CPU.Build.0 = Release|Any CPU
	EndGlobalSection
	GlobalSection(SolutionProperties) = preSolution
		HideSolutionNode = FALSE
	EndGlobalSection
	GlobalSection(ExtensibilityGlobals) = postSolution
		SolutionGuid = {6CD06EF4-D7FD-4CAC-A57E-0FC6EBC5D2C6}
	EndGlobalSection
EndGlobal
